{
  "name": "slipway-agents",
  "version": "0.10.0",
  "lockfileVersion": 3,
  "requires": true,
  "packages": {
    "": {
      "name": "slipway-agents",
      "version": "0.10.0",
      "license": "MIT",
      "dependencies": {
        "cac": "^6.7.14",
        "zod": "^4.4.3"
      },
      "bin": {
        "slipway-agents": "bin/install.js"
      },
      "devDependencies": {
        "typescript": "^5.4.0"
      },
      "engines": {
        "node": ">=18.0.0"
      },
      "peerDependencies": {
        "opencode-ai": ">=0.1.0"
      },
      "peerDependenciesMeta": {
        "opencode-ai": {
          "optional": true
        }
      }
    },
    "node_modules/cac": {
      "version": "6.7.14",
      "resolved": "https://registry.npmjs.org/cac/-/cac-6.7.14.tgz",
      "integrity": "sha512-b6Ilus+c3RrdDk+JhLKUAQfzzgLEPy6wcXqS7f/xe1EETvsDP6GORG7SFuOs6cID5YkqchW/LXZbX5bc8j7ZcQ==",
      "license": "MIT",
      "engines": {
        "node": ">=8"
      }
    },
    "node_modules/typescript": {
      "version": "5.9.3",
      "resolved": "https://registry.npmjs.org/typescript/-/typescript-5.9.3.tgz",
      "integrity": "sha512-jl1vZzPDinLr9eUt3J/t7V6FgNEw9QjvBPdysz9KfQDD41fQrC2Y4vKQdiaUpFT4bXlb1RHhLpp8wtm6M5TgSw==",
      "dev": true,
      "license": "Apache-2.0",
      "bin": {
        "tsc": "bin/tsc",
        "tsserver": "bin/tsserver"
      },
      "engines": {
        "node": ">=14.17"
      }
    },
    "node_modules/zod": {
      "version": "4.4.3",
      "resolved": "https://registry.npmjs.org/zod/-/zod-4.4.3.tgz",
      "integrity": "sha512-ytENFjIJFl2UwYglde2jchW2Hwm4GJFLDiSXWdTrJQBIN9Fcyp7n4DhxJEiWNAJMV1/BqWfW/kkg71UDcHJyTQ==",
      "license": "MIT",
      "funding": {
        "url": "https://github.com/sponsors/colinhacks"
      }
    },
    "packages/slipway-plugin": {
      "name": "slipway-agents-plugin",
      "version": "0.4.0",
      "extraneous": true,
      "devDependencies": {
        "typescript": "^5.4.0"
      },
      "engines": {
        "node": ">=18.0.0"
      },
      "peerDependencies": {
        "opencode-ai": ">=0.1.0"
      },
      "peerDependenciesMeta": {
        "opencode-ai": {
          "optional": true
        }
      }
    }
  }
}
